
Microsoft Visual Studio Solution File, Format Version 12.00
# Visual Studio 15
VisualStudioVersion = 15.0.27703.2042
MinimumVisualStudioVersion = 10.0.40219.1
Project("{FAE04EC0-301F-11D3-BF4B-00C04F79EFBC}") = "certificacao-csharp-pt4-roteiro", "certificacao-csharp-pt4-roteiro\certificacao-csharp-pt4-roteiro.csproj", "{EB26508D-2979-4531-B6ED-1BD6C014B620}"
EndProject
Project("{2150E333-8FDC-42A3-9474-1A3956D46DE8}") = "01.if-else", "01.if-else", "{0D1DEDFD-D3CB-44F5-A804-D90EF1551DC3}"
EndProject
Project("{2150E333-8FDC-42A3-9474-1A3956D46DE8}") = "antes", "antes", "{ED991561-2EF6-4EC9-B5E8-305999405FF0}"
EndProject
Project("{2150E333-8FDC-42A3-9474-1A3956D46DE8}") = "depois", "depois", "{8B0773F7-AD51-49D7-A864-9A4CD3CC2B35}"
EndProject
Project("{FAE04EC0-301F-11D3-BF4B-00C04F79EFBC}") = "01.ByteBank", "01.ByteBank\01.ByteBank.csproj", "{1280BE10-53C5-40BA-8BEC-019F61D9E05E}"
EndProject
Project("{2150E333-8FDC-42A3-9474-1A3956D46DE8}") = "02.conditional-compilation", "02.conditional-compilation", "{FF360FA7-2ECE-46BC-A863-2D8BC07C7614}"
EndProject
Project("{2150E333-8FDC-42A3-9474-1A3956D46DE8}") = "antes", "antes", "{B87A05EA-DD9A-49CB-AD14-8E8D3B721F77}"
EndProject
Project("{2150E333-8FDC-42A3-9474-1A3956D46DE8}") = "depois", "depois", "{4B531B43-BD72-47E6-B827-716E060C82E4}"
EndProject
Project("{9A19103F-16F7-4668-BE54-9A1E7A4F7556}") = "02.ByteBank", "02.ByteBank\02.ByteBank.csproj", "{1B4DBB76-B6FB-47B0-A332-4A3BA2E283C5}"
EndProject
Project("{2150E333-8FDC-42A3-9474-1A3956D46DE8}") = "03.while-do", "03.while-do", "{FF40F86B-3AF6-4F52-8FEE-9ACE0F6D21FB}"
EndProject
Project("{2150E333-8FDC-42A3-9474-1A3956D46DE8}") = "antes", "antes", "{D28C2A5E-5E7A-4177-A283-4E038E2996A2}"
EndProject
Project("{2150E333-8FDC-42A3-9474-1A3956D46DE8}") = "depois", "depois", "{CD592EC6-66E5-4555-8075-4C71571221E4}"
	ProjectSection(SolutionItems) = preProject
		04.ByteBank\Conta.cs = 04.ByteBank\Conta.cs
	EndProjectSection
EndProject
Project("{9A19103F-16F7-4668-BE54-9A1E7A4F7556}") = "03.ByteBank", "03.ByteBank\03.ByteBank.csproj", "{0F5BF0CA-D3AE-47E0-AC7D-6B9F76E5CAC3}"
EndProject
Project("{2150E333-8FDC-42A3-9474-1A3956D46DE8}") = "04.for-foreach", "04.for-foreach", "{5D503869-D07B-4B68-AAC8-518CECCEC64A}"
EndProject
Project("{2150E333-8FDC-42A3-9474-1A3956D46DE8}") = "antes", "antes", "{176BE544-1C99-4644-9B72-3001E254DD58}"
EndProject
Project("{2150E333-8FDC-42A3-9474-1A3956D46DE8}") = "depois", "depois", "{EDE1A2E8-5FA4-407D-8F9C-92B487EB413C}"
EndProject
Project("{9A19103F-16F7-4668-BE54-9A1E7A4F7556}") = "04.ByteBank", "04.ByteBank\04.ByteBank.csproj", "{2650A825-898D-493C-BC08-227E8CCE6657}"
EndProject
Global
	GlobalSection(SolutionConfigurationPlatforms) = preSolution
		Debug|Any CPU = Debug|Any CPU
		Release|Any CPU = Release|Any CPU
	EndGlobalSection
	GlobalSection(ProjectConfigurationPlatforms) = postSolution
		{EB26508D-2979-4531-B6ED-1BD6C014B620}.Debug|Any CPU.ActiveCfg = Debug|Any CPU
		{EB26508D-2979-4531-B6ED-1BD6C014B620}.Debug|Any CPU.Build.0 = Debug|Any CPU
		{EB26508D-2979-4531-B6ED-1BD6C014B620}.Release|Any CPU.ActiveCfg = Release|Any CPU
		{EB26508D-2979-4531-B6ED-1BD6C014B620}.Release|Any CPU.Build.0 = Release|Any CPU
		{1280BE10-53C5-40BA-8BEC-019F61D9E05E}.Debug|Any CPU.ActiveCfg = Debug|Any CPU
		{1280BE10-53C5-40BA-8BEC-019F61D9E05E}.Debug|Any CPU.Build.0 = Debug|Any CPU
		{1280BE10-53C5-40BA-8BEC-019F61D9E05E}.Release|Any CPU.ActiveCfg = Release|Any CPU
		{1280BE10-53C5-40BA-8BEC-019F61D9E05E}.Release|Any CPU.Build.0 = Release|Any CPU
		{1B4DBB76-B6FB-47B0-A332-4A3BA2E283C5}.Debug|Any CPU.ActiveCfg = Debug|Any CPU
		{1B4DBB76-B6FB-47B0-A332-4A3BA2E283C5}.Debug|Any CPU.Build.0 = Debug|Any CPU
		{1B4DBB76-B6FB-47B0-A332-4A3BA2E283C5}.Release|Any CPU.ActiveCfg = Release|Any CPU
		{1B4DBB76-B6FB-47B0-A332-4A3BA2E283C5}.Release|Any CPU.Build.0 = Release|Any CPU
		{0F5BF0CA-D3AE-47E0-AC7D-6B9F76E5CAC3}.Debug|Any CPU.ActiveCfg = Debug|Any CPU
		{0F5BF0CA-D3AE-47E0-AC7D-6B9F76E5CAC3}.Debug|Any CPU.Build.0 = Debug|Any CPU
		{0F5BF0CA-D3AE-47E0-AC7D-6B9F76E5CAC3}.Release|Any CPU.ActiveCfg = Release|Any CPU
		{0F5BF0CA-D3AE-47E0-AC7D-6B9F76E5CAC3}.Release|Any CPU.Build.0 = Release|Any CPU
		{2650A825-898D-493C-BC08-227E8CCE6657}.Debug|Any CPU.ActiveCfg = Debug|Any CPU
		{2650A825-898D-493C-BC08-227E8CCE6657}.Debug|Any CPU.Build.0 = Debug|Any CPU
		{2650A825-898D-493C-BC08-227E8CCE6657}.Release|Any CPU.ActiveCfg = Release|Any CPU
		{2650A825-898D-493C-BC08-227E8CCE6657}.Release|Any CPU.Build.0 = Release|Any CPU
	EndGlobalSection
	GlobalSection(SolutionProperties) = preSolution
		HideSolutionNode = FALSE
	EndGlobalSection
	GlobalSection(NestedProjects) = preSolution
		{ED991561-2EF6-4EC9-B5E8-305999405FF0} = {0D1DEDFD-D3CB-44F5-A804-D90EF1551DC3}
		{8B0773F7-AD51-49D7-A864-9A4CD3CC2B35} = {0D1DEDFD-D3CB-44F5-A804-D90EF1551DC3}
		{1280BE10-53C5-40BA-8BEC-019F61D9E05E} = {8B0773F7-AD51-49D7-A864-9A4CD3CC2B35}
		{B87A05EA-DD9A-49CB-AD14-8E8D3B721F77} = {FF360FA7-2ECE-46BC-A863-2D8BC07C7614}
		{4B531B43-BD72-47E6-B827-716E060C82E4} = {FF360FA7-2ECE-46BC-A863-2D8BC07C7614}
		{1B4DBB76-B6FB-47B0-A332-4A3BA2E283C5} = {4B531B43-BD72-47E6-B827-716E060C82E4}
		{D28C2A5E-5E7A-4177-A283-4E038E2996A2} = {FF40F86B-3AF6-4F52-8FEE-9ACE0F6D21FB}
		{CD592EC6-66E5-4555-8075-4C71571221E4} = {FF40F86B-3AF6-4F52-8FEE-9ACE0F6D21FB}
		{0F5BF0CA-D3AE-47E0-AC7D-6B9F76E5CAC3} = {CD592EC6-66E5-4555-8075-4C71571221E4}
		{176BE544-1C99-4644-9B72-3001E254DD58} = {5D503869-D07B-4B68-AAC8-518CECCEC64A}
		{EDE1A2E8-5FA4-407D-8F9C-92B487EB413C} = {5D503869-D07B-4B68-AAC8-518CECCEC64A}
		{2650A825-898D-493C-BC08-227E8CCE6657} = {EDE1A2E8-5FA4-407D-8F9C-92B487EB413C}
	EndGlobalSection
	GlobalSection(ExtensibilityGlobals) = postSolution
		SolutionGuid = {6E0817EF-8797-4766-9329-FF5005B628B0}
	EndGlobalSection
EndGlobal
